// !$*UTF8*$!
{
	archiveVersion = 1;
	classes = {
	};
	objectVersion = 63;
	objects = {

/* Begin PBXBuildFile section */
		02A1B3C4D5E6F7081920AAAA /* BedtimeWindowPolicy.swift in Sources */ = {isa = PBXBuildFile; fileRef = 02A1B3C4D5E6F7081920BBBB /* BedtimeWindowPolicy.swift */; };
		02A1B3C4D5E6F7081920CCCC /* BedtimeWindowPolicyTests.swift in Sources */ = {isa = PBXBuildFile; fileRef = 02A1B3C4D5E6F7081920DDDD /* BedtimeWindowPolicyTests.swift */; };
		03CF8A1B2D4E9F7A81B63C50 /* CrossMidnightAndTimezoneTests.swift in Sources */ = {isa = PBXBuildFile; fileRef = 7A3B5E91C0D847F2A6E8D104 /* CrossMidnightAndTimezoneTests.swift */; };
		05A3582CF138DBB34362A1E5 /* TestSupport.swift in Sources */ = {isa = PBXBuildFile; fileRef = C8200E0E97463A1311A487D7 /* TestSupport.swift */; };
		0BDEDD6BADAECF69FF82B1D1 /* PrimaryActionButton.swift in Sources */ = {isa = PBXBuildFile; fileRef = A8660C1378564F107874EC7A /* PrimaryActionButton.swift */; };
		0D4E713E726732D983723168 /* NotificationStatus.swift in Sources */ = {isa = PBXBuildFile; fileRef = 312245DDB3BA1DF4B825E4EF /* NotificationStatus.swift */; };
		11B30EB070428FD76906B6F0 /* NotificationPermissionServiceTests.swift in Sources */ = {isa = PBXBuildFile; fileRef = 7856CF22E4AB640266A535CD /* NotificationPermissionServiceTests.swift */; };
		1BEC72E0172B2C73397029B9 /* NotificationPermissionService.swift in Sources */ = {isa = PBXBuildFile; fileRef = 0D6086B298814033C5B6BA81 /* NotificationPermissionService.swift */; };
		26AA04C4DA86283935C47673 /* BedtimeViewModel.swift in Sources */ = {isa = PBXBuildFile; fileRef = 9D290440FA9F6B188E2DB9D2 /* BedtimeViewModel.swift */; };
		36B7FDB1DACFA0B7DD8AD3A3 /* TypographyTokens.swift in Sources */ = {isa = PBXBuildFile; fileRef = BBF038605A183597D0532ED9 /* TypographyTokens.swift */; };
		3A1F7E82C9D04B1A5E6F8D01 /* HappyPathIntegrationTests.swift in Sources */ = {isa = PBXBuildFile; fileRef = 3A1F7E82C9D04B1A5E6F8D02 /* HappyPathIntegrationTests.swift */; };
		3BAE626BDE30757613F85A34 /* SetupViewModelTests.swift in Sources */ = {isa = PBXBuildFile; fileRef = 0D5DBE304B2B359A6D514DB7 /* SetupViewModelTests.swift */; };
		447A001509DEEB782153ACA5 /* OnboardingView.swift in Sources */ = {isa = PBXBuildFile; fileRef = 0F9A9637D05C2FA7E7D46585 /* OnboardingView.swift */; };
		48D56FF58281328D475C6E81 /* DailyReportCard.swift in Sources */ = {isa = PBXBuildFile; fileRef = 79A9DB33A369E7D6FFE13889 /* DailyReportCard.swift */; };
		4B670CF811188CA3489D4CE5 /* NotificationRouteResolver.swift in Sources */ = {isa = PBXBuildFile; fileRef = 449480EA4D1CBECDCF572C90 /* NotificationRouteResolver.swift */; };
		4E6F5AF39604DC8A6B2BE51B /* WakeWindowPolicy.swift in Sources */ = {isa = PBXBuildFile; fileRef = 4A87880E3EFE94AC1114FB08 /* WakeWindowPolicy.swift */; };
		4EAD85A074FDEF98FD217EF6 /* ScheduleSetupView.swift in Sources */ = {isa = PBXBuildFile; fileRef = E30673388C4E7D241E54E821 /* ScheduleSetupView.swift */; };
		5C930A6FB36BE813FB139243 /* SetupAndHomeUITests.swift in Sources */ = {isa = PBXBuildFile; fileRef = DA4087B7E02126380BF427E3 /* SetupAndHomeUITests.swift */; };
		5D3C979861F939037B87A907 /* SleepReportCalculator.swift in Sources */ = {isa = PBXBuildFile; fileRef = C4E5D652A4B232F4D5FD1B50 /* SleepReportCalculator.swift */; };
		61AA9E8D4C29C77EE1B4D383 /* AppRoute.swift in Sources */ = {isa = PBXBuildFile; fileRef = 492E61E3FC893BFD7C1B7D43 /* AppRoute.swift */; };
		6448BBA4F9FA940CB2516EC6 /* ReportSummary.swift in Sources */ = {isa = PBXBuildFile; fileRef = AA812480535EDEF17C3EE8B1 /* ReportSummary.swift */; };
		64DD44961E0117271CABF3A3 /* StatusBanner.swift in Sources */ = {isa = PBXBuildFile; fileRef = 0B7937452F41CA938B5FD6ED /* StatusBanner.swift */; };
		67846BC27497B2CEFD645D85 /* SevenDayTrendView.swift in Sources */ = {isa = PBXBuildFile; fileRef = 60FC9E3DE28EA931A38F868A /* SevenDayTrendView.swift */; };
		688C817F088974EDBE9AD587 /* SleepReportCalculatorTests.swift in Sources */ = {isa = PBXBuildFile; fileRef = BD3030B86FA9A27465B338C3 /* SleepReportCalculatorTests.swift */; };
		6EB4E102DA907E43EEBC5637 /* AccessibilityUITests.swift in Sources */ = {isa = PBXBuildFile; fileRef = 904D8CE825043E1B73C58CBF /* AccessibilityUITests.swift */; };
		71643700B8711F3519539FD2 /* SpacingTokens.swift in Sources */ = {isa = PBXBuildFile; fileRef = F8FF7A36D6E5392B70240F6D /* SpacingTokens.swift */; };
		75DAFFFE24308E1B6413D239 /* SetupViewModel.swift in Sources */ = {isa = PBXBuildFile; fileRef = D8725622F35704CE27F1EADD /* SetupViewModel.swift */; };
		77CEF78AD731B98D84CD7B9E /* AppSurface.swift in Sources */ = {isa = PBXBuildFile; fileRef = BA3569028E673ED7D93103D3 /* AppSurface.swift */; };
		7C93DB44A5F5ED41B0E2EB7E /* BedtimePreparationView.swift in Sources */ = {isa = PBXBuildFile; fileRef = 45ADF0247BF2AB3D0964DDAB /* BedtimePreparationView.swift */; };
		7D15D7E254B974F66AC8C96A /* WakeViewModelTests.swift in Sources */ = {isa = PBXBuildFile; fileRef = E3FD5FEBA0A563F40AEF2B75 /* WakeViewModelTests.swift */; };
		7F934DCAFCDEE8909AF143AB /* HomeViewModelTests.swift in Sources */ = {isa = PBXBuildFile; fileRef = FF8DFF13D9D811ED3588C35C /* HomeViewModelTests.swift */; };
		84AA7CC4879E5EF0052F3967 /* WakeWindowPolicyTests.swift in Sources */ = {isa = PBXBuildFile; fileRef = 62E8B5D048385ADC8867A21F /* WakeWindowPolicyTests.swift */; };
		8B6CD52B840BF8D09B5859C8 /* WakeConfirmationView.swift in Sources */ = {isa = PBXBuildFile; fileRef = 192C5C8C019DC26C676B65C9 /* WakeConfirmationView.swift */; };
		8E74CF891D2AA001B136F6C2 /* ContentView.swift in Sources */ = {isa = PBXBuildFile; fileRef = 892A7D2064E0D93E2484D7E1 /* ContentView.swift */; };
		91653208E191813572BE5A31 /* EnergyManagementTests.swift in Sources */ = {isa = PBXBuildFile; fileRef = 18BB6F44B2C2CFEE4DF32041 /* EnergyManagementTests.swift */; };
		94EAD181DD595A2A7357CA96 /* SleepNotificationSchedulerTests.swift in Sources */ = {isa = PBXBuildFile; fileRef = 1E5364FF92CF49173C2FEFCB /* SleepNotificationSchedulerTests.swift */; };
		955E93E955113691294C12C0 /* EnergyManagementApp.swift in Sources */ = {isa = PBXBuildFile; fileRef = DD7C8B32E33C34F2F894C4D5 /* EnergyManagementApp.swift */; };
		9F6C0D851E25997F49A4E98D /* WakePromptsView.swift in Sources */ = {isa = PBXBuildFile; fileRef = B15558E934B15FF61D3F4AD9 /* WakePromptsView.swift */; };
		A1D55A2071699D5232E24B88 /* SleepDataStoreTests.swift in Sources */ = {isa = PBXBuildFile; fileRef = 12B4D43CC0B6BF593854BA85 /* SleepDataStoreTests.swift */; };
		A5709DB5512D4686BCBCB4CC /* Assets.xcassets in Resources */ = {isa = PBXBuildFile; fileRef = AEABBC8E829DA0717B4C5635 /* Assets.xcassets */; };
		A790C3015C9AF8C0A5D2289A /* HomeView.swift in Sources */ = {isa = PBXBuildFile; fileRef = C568498AAD7124330F1A555D /* HomeView.swift */; };
		AD912B969F2501AFEAC5EECC /* AppLaunchVisualSmokeTests.swift in Sources */ = {isa = PBXBuildFile; fileRef = 5B8E0135799EF461E9451F25 /* AppLaunchVisualSmokeTests.swift */; };
		B1E5C2A03791CD6B86A37F6D /* SleepSchedule.swift in Sources */ = {isa = PBXBuildFile; fileRef = 6A2695BB6D0172FFDD57F7FF /* SleepSchedule.swift */; };
		B277587188394BB5D03F22A7 /* WakeViewModel.swift in Sources */ = {isa = PBXBuildFile; fileRef = 5B9764A14AFED76BCEF577E7 /* WakeViewModel.swift */; };
		B73A51A50300661E8D0B404C /* SleepDataStore.swift in Sources */ = {isa = PBXBuildFile; fileRef = 3471F6C402FB7B63FD628113 /* SleepDataStore.swift */; };
		B86FEDC37B3789F09F08803F /* ColorTokens.swift in Sources */ = {isa = PBXBuildFile; fileRef = 3DC4B1C3EAB5AE9DF779F222 /* ColorTokens.swift */; };
		C73ECEA96141EC5E8ADE06BA /* BedtimeViewModelTests.swift in Sources */ = {isa = PBXBuildFile; fileRef = 6F7B1811BC28DF3A34C38B15 /* BedtimeViewModelTests.swift */; };
		D0854E04965FE496883CD4B9 /* SleepNotificationScheduler.swift in Sources */ = {isa = PBXBuildFile; fileRef = 165403EB9033FD8E9BCC0EDF /* SleepNotificationScheduler.swift */; };
		D0A5BF1252C65FE51800DFFC /* ReportsViewModel.swift in Sources */ = {isa = PBXBuildFile; fileRef = 566F1C3FCF8EC3EA3FF2C925 /* ReportsViewModel.swift */; };
		D0E0D3198FE4C5D8B64BEDFB /* ReportsView.swift in Sources */ = {isa = PBXBuildFile; fileRef = DD973B771C446AA65490C5EF /* ReportsView.swift */; };
		D71A6A068ED447921F0A4C37 /* SleepRecord.swift in Sources */ = {isa = PBXBuildFile; fileRef = 6010A895CF272E60C0DBCD68 /* SleepRecord.swift */; };
		DA073697D4EEEC0CECC0CC0B /* HomeViewModel.swift in Sources */ = {isa = PBXBuildFile; fileRef = E0528528B38B5209EA5B549D /* HomeViewModel.swift */; };
		DCECAB1775FEC1A640F66A90 /* ReportsViewModelTests.swift in Sources */ = {isa = PBXBuildFile; fileRef = 54F5EE14D653BECDEF17E185 /* ReportsViewModelTests.swift */; };
		E1DECE93FD65A8C21E2CFF3D /* ReportsUITests.swift in Sources */ = {isa = PBXBuildFile; fileRef = 7688A6E815B92975B216DFF5 /* ReportsUITests.swift */; };
		F0488E1EA5556502B6F38741 /* VisualStateSmokeTests.swift in Sources */ = {isa = PBXBuildFile; fileRef = 945085D813B834F15ED4AF23 /* VisualStateSmokeTests.swift */; };
		F427436458A2864FE158DE83 /* EnergyManagementUITests.swift in Sources */ = {isa = PBXBuildFile; fileRef = 69DF5DB3F87EF6ECDC2E514E /* EnergyManagementUITests.swift */; };
		FA4F8B92AEA8DDC7F11BD612 /* LaunchScreen.storyboard in Resources */ = {isa = PBXBuildFile; fileRef = C6587D0AC86F3C4B59A180BD /* LaunchScreen.storyboard */; };
		FE072B34492F85344DAC28B7 /* NotificationRouteResolverTests.swift in Sources */ = {isa = PBXBuildFile; fileRef = 3805054A5B007922DFFCCF85 /* NotificationRouteResolverTests.swift */; };
		FE3DB59847A931EE1AD4F771 /* ReportEmptyStateView.swift in Sources */ = {isa = PBXBuildFile; fileRef = 04B1A78DC563BAC2677641D6 /* ReportEmptyStateView.swift */; };
		FE68F4A9B3F5D74EBB5D89B8 /* RitualFlowUITests.swift in Sources */ = {isa = PBXBuildFile; fileRef = F6E34A47F6F7AA51B9892D8D /* RitualFlowUITests.swift */; };
/* End PBXBuildFile section */

/* Begin PBXContainerItemProxy section */
		2E771CDCCB831922028EA963 /* PBXContainerItemProxy */ = {
			isa = PBXContainerItemProxy;
			containerPortal = 891AE7A9B7A0CC41C70CFF16 /* Project object */;
			proxyType = 1;
			remoteGlobalIDString = FE407E4540BAAC26B8F0C550;
			remoteInfo = EnergyManagement;
		};
		47554A4404CE13F52D11FE06 /* PBXContainerItemProxy */ = {
			isa = PBXContainerItemProxy;
			containerPortal = 891AE7A9B7A0CC41C70CFF16 /* Project object */;
			proxyType = 1;
			remoteGlobalIDString = FE407E4540BAAC26B8F0C550;
			remoteInfo = EnergyManagement;
		};
/* End PBXContainerItemProxy section */

/* Begin PBXFileReference section */
		02A1B3C4D5E6F7081920BBBB /* BedtimeWindowPolicy.swift */ = {isa = PBXFileReference; lastKnownFileType = sourcecode.swift; path = BedtimeWindowPolicy.swift; sourceTree = "<group>"; };
		02A1B3C4D5E6F7081920DDDD /* BedtimeWindowPolicyTests.swift */ = {isa = PBXFileReference; lastKnownFileType = sourcecode.swift; path = BedtimeWindowPolicyTests.swift; sourceTree = "<group>"; };
		04B1A78DC563BAC2677641D6 /* ReportEmptyStateView.swift */ = {isa = PBXFileReference; lastKnownFileType = sourcecode.swift; path = ReportEmptyStateView.swift; sourceTree = "<group>"; };
		7A3B5E91C0D847F2A6E8D104 /* CrossMidnightAndTimezoneTests.swift */ = {isa = PBXFileReference; lastKnownFileType = sourcecode.swift; path = CrossMidnightAndTimezoneTests.swift; sourceTree = "<group>"; };
		0B7937452F41CA938B5FD6ED /* StatusBanner.swift */ = {isa = PBXFileReference; lastKnownFileType = sourcecode.swift; path = StatusBanner.swift; sourceTree = "<group>"; };
		0D5DBE304B2B359A6D514DB7 /* SetupViewModelTests.swift */ = {isa = PBXFileReference; lastKnownFileType = sourcecode.swift; path = SetupViewModelTests.swift; sourceTree = "<group>"; };
		0D6086B298814033C5B6BA81 /* NotificationPermissionService.swift */ = {isa = PBXFileReference; lastKnownFileType = sourcecode.swift; path = NotificationPermissionService.swift; sourceTree = "<group>"; };
		0F9A9637D05C2FA7E7D46585 /* OnboardingView.swift */ = {isa = PBXFileReference; lastKnownFileType = sourcecode.swift; path = OnboardingView.swift; sourceTree = "<group>"; };
		12B4D43CC0B6BF593854BA85 /* SleepDataStoreTests.swift */ = {isa = PBXFileReference; lastKnownFileType = sourcecode.swift; path = SleepDataStoreTests.swift; sourceTree = "<group>"; };
		165403EB9033FD8E9BCC0EDF /* SleepNotificationScheduler.swift */ = {isa = PBXFileReference; lastKnownFileType = sourcecode.swift; path = SleepNotificationScheduler.swift; sourceTree = "<group>"; };
		18BB6F44B2C2CFEE4DF32041 /* EnergyManagementTests.swift */ = {isa = PBXFileReference; lastKnownFileType = sourcecode.swift; path = EnergyManagementTests.swift; sourceTree = "<group>"; };
		3A1F7E82C9D04B1A5E6F8D02 /* HappyPathIntegrationTests.swift */ = {isa = PBXFileReference; lastKnownFileType = sourcecode.swift; path = HappyPathIntegrationTests.swift; sourceTree = "<group>"; };
		192C5C8C019DC26C676B65C9 /* WakeConfirmationView.swift */ = {isa = PBXFileReference; lastKnownFileType = sourcecode.swift; path = WakeConfirmationView.swift; sourceTree = "<group>"; };
		1E5364FF92CF49173C2FEFCB /* SleepNotificationSchedulerTests.swift */ = {isa = PBXFileReference; lastKnownFileType = sourcecode.swift; path = SleepNotificationSchedulerTests.swift; sourceTree = "<group>"; };
		312245DDB3BA1DF4B825E4EF /* NotificationStatus.swift */ = {isa = PBXFileReference; lastKnownFileType = sourcecode.swift; path = NotificationStatus.swift; sourceTree = "<group>"; };
		3471F6C402FB7B63FD628113 /* SleepDataStore.swift */ = {isa = PBXFileReference; lastKnownFileType = sourcecode.swift; path = SleepDataStore.swift; sourceTree = "<group>"; };
		3805054A5B007922DFFCCF85 /* NotificationRouteResolverTests.swift */ = {isa = PBXFileReference; lastKnownFileType = sourcecode.swift; path = NotificationRouteResolverTests.swift; sourceTree = "<group>"; };
		3DC4B1C3EAB5AE9DF779F222 /* ColorTokens.swift */ = {isa = PBXFileReference; lastKnownFileType = sourcecode.swift; path = ColorTokens.swift; sourceTree = "<group>"; };
		449480EA4D1CBECDCF572C90 /* NotificationRouteResolver.swift */ = {isa = PBXFileReference; lastKnownFileType = sourcecode.swift; path = NotificationRouteResolver.swift; sourceTree = "<group>"; };
		45ADF0247BF2AB3D0964DDAB /* BedtimePreparationView.swift */ = {isa = PBXFileReference; lastKnownFileType = sourcecode.swift; path = BedtimePreparationView.swift; sourceTree = "<group>"; };
		492E61E3FC893BFD7C1B7D43 /* AppRoute.swift */ = {isa = PBXFileReference; lastKnownFileType = sourcecode.swift; path = AppRoute.swift; sourceTree = "<group>"; };
		4A87880E3EFE94AC1114FB08 /* WakeWindowPolicy.swift */ = {isa = PBXFileReference; lastKnownFileType = sourcecode.swift; path = WakeWindowPolicy.swift; sourceTree = "<group>"; };
		543EEF9D65A7682232F3C37F /* .gitkeep */ = {isa = PBXFileReference; lastKnownFileType = text; path = .gitkeep; sourceTree = "<group>"; };
		549706B04BA9738FE43FED9A /* EnergyManagement.app */ = {isa = PBXFileReference; explicitFileType = wrapper.application; includeInIndex = 0; path = EnergyManagement.app; sourceTree = BUILT_PRODUCTS_DIR; };
		54F5EE14D653BECDEF17E185 /* ReportsViewModelTests.swift */ = {isa = PBXFileReference; lastKnownFileType = sourcecode.swift; path = ReportsViewModelTests.swift; sourceTree = "<group>"; };
		566F1C3FCF8EC3EA3FF2C925 /* ReportsViewModel.swift */ = {isa = PBXFileReference; lastKnownFileType = sourcecode.swift; path = ReportsViewModel.swift; sourceTree = "<group>"; };
		5B8E0135799EF461E9451F25 /* AppLaunchVisualSmokeTests.swift */ = {isa = PBXFileReference; lastKnownFileType = sourcecode.swift; path = AppLaunchVisualSmokeTests.swift; sourceTree = "<group>"; };
		5B9764A14AFED76BCEF577E7 /* WakeViewModel.swift */ = {isa = PBXFileReference; lastKnownFileType = sourcecode.swift; path = WakeViewModel.swift; sourceTree = "<group>"; };
		6010A895CF272E60C0DBCD68 /* SleepRecord.swift */ = {isa = PBXFileReference; lastKnownFileType = sourcecode.swift; path = SleepRecord.swift; sourceTree = "<group>"; };
		60FC9E3DE28EA931A38F868A /* SevenDayTrendView.swift */ = {isa = PBXFileReference; lastKnownFileType = sourcecode.swift; path = SevenDayTrendView.swift; sourceTree = "<group>"; };
		62E8B5D048385ADC8867A21F /* WakeWindowPolicyTests.swift */ = {isa = PBXFileReference; lastKnownFileType = sourcecode.swift; path = WakeWindowPolicyTests.swift; sourceTree = "<group>"; };
		67E4E78162EFD4FA9ECC7FEF /* .gitkeep */ = {isa = PBXFileReference; lastKnownFileType = text; path = .gitkeep; sourceTree = "<group>"; };
		68D3EE56AE5595E43D12D163 /* .gitkeep */ = {isa = PBXFileReference; lastKnownFileType = text; path = .gitkeep; sourceTree = "<group>"; };
		69DF5DB3F87EF6ECDC2E514E /* EnergyManagementUITests.swift */ = {isa = PBXFileReference; lastKnownFileType = sourcecode.swift; path = EnergyManagementUITests.swift; sourceTree = "<group>"; };
		6A2695BB6D0172FFDD57F7FF /* SleepSchedule.swift */ = {isa = PBXFileReference; lastKnownFileType = sourcecode.swift; path = SleepSchedule.swift; sourceTree = "<group>"; };
		6F7B1811BC28DF3A34C38B15 /* BedtimeViewModelTests.swift */ = {isa = PBXFileReference; lastKnownFileType = sourcecode.swift; path = BedtimeViewModelTests.swift; sourceTree = "<group>"; };
		7688A6E815B92975B216DFF5 /* ReportsUITests.swift */ = {isa = PBXFileReference; lastKnownFileType = sourcecode.swift; path = ReportsUITests.swift; sourceTree = "<group>"; };
		7856CF22E4AB640266A535CD /* NotificationPermissionServiceTests.swift */ = {isa = PBXFileReference; lastKnownFileType = sourcecode.swift; path = NotificationPermissionServiceTests.swift; sourceTree = "<group>"; };
		79A9DB33A369E7D6FFE13889 /* DailyReportCard.swift */ = {isa = PBXFileReference; lastKnownFileType = sourcecode.swift; path = DailyReportCard.swift; sourceTree = "<group>"; };
		892A7D2064E0D93E2484D7E1 /* ContentView.swift */ = {isa = PBXFileReference; lastKnownFileType = sourcecode.swift; path = ContentView.swift; sourceTree = "<group>"; };
		904D8CE825043E1B73C58CBF /* AccessibilityUITests.swift */ = {isa = PBXFileReference; lastKnownFileType = sourcecode.swift; path = AccessibilityUITests.swift; sourceTree = "<group>"; };
		930C06FF456D77828F3252E6 /* Info.plist */ = {isa = PBXFileReference; lastKnownFileType = text.plist; path = Info.plist; sourceTree = "<group>"; };
		945085D813B834F15ED4AF23 /* VisualStateSmokeTests.swift */ = {isa = PBXFileReference; lastKnownFileType = sourcecode.swift; path = VisualStateSmokeTests.swift; sourceTree = "<group>"; };
		9D290440FA9F6B188E2DB9D2 /* BedtimeViewModel.swift */ = {isa = PBXFileReference; lastKnownFileType = sourcecode.swift; path = BedtimeViewModel.swift; sourceTree = "<group>"; };
		9EDC6C8EDDC31005CEB407D5 /* EnergyManagementUITests.xctest */ = {isa = PBXFileReference; includeInIndex = 0; lastKnownFileType = wrapper.cfbundle; path = EnergyManagementUITests.xctest; sourceTree = BUILT_PRODUCTS_DIR; };
		A8660C1378564F107874EC7A /* PrimaryActionButton.swift */ = {isa = PBXFileReference; lastKnownFileType = sourcecode.swift; path = PrimaryActionButton.swift; sourceTree = "<group>"; };
		AA812480535EDEF17C3EE8B1 /* ReportSummary.swift */ = {isa = PBXFileReference; lastKnownFileType = sourcecode.swift; path = ReportSummary.swift; sourceTree = "<group>"; };
		AE727EDBB6AEB0614AB7B78E /* EnergyManagementTests.xctest */ = {isa = PBXFileReference; includeInIndex = 0; lastKnownFileType = wrapper.cfbundle; path = EnergyManagementTests.xctest; sourceTree = BUILT_PRODUCTS_DIR; };
		AEABBC8E829DA0717B4C5635 /* Assets.xcassets */ = {isa = PBXFileReference; lastKnownFileType = folder.assetcatalog; path = Assets.xcassets; sourceTree = "<group>"; };
		B15558E934B15FF61D3F4AD9 /* WakePromptsView.swift */ = {isa = PBXFileReference; lastKnownFileType = sourcecode.swift; path = WakePromptsView.swift; sourceTree = "<group>"; };
		BA3569028E673ED7D93103D3 /* AppSurface.swift */ = {isa = PBXFileReference; lastKnownFileType = sourcecode.swift; path = AppSurface.swift; sourceTree = "<group>"; };
		BBF038605A183597D0532ED9 /* TypographyTokens.swift */ = {isa = PBXFileReference; lastKnownFileType = sourcecode.swift; path = TypographyTokens.swift; sourceTree = "<group>"; };
		BD3030B86FA9A27465B338C3 /* SleepReportCalculatorTests.swift */ = {isa = PBXFileReference; lastKnownFileType = sourcecode.swift; path = SleepReportCalculatorTests.swift; sourceTree = "<group>"; };
		C4E5D652A4B232F4D5FD1B50 /* SleepReportCalculator.swift */ = {isa = PBXFileReference; lastKnownFileType = sourcecode.swift; path = SleepReportCalculator.swift; sourceTree = "<group>"; };
		C52D4993E1A8AFD86F476519 /* .gitkeep */ = {isa = PBXFileReference; lastKnownFileType = text; path = .gitkeep; sourceTree = "<group>"; };
		C568498AAD7124330F1A555D /* HomeView.swift */ = {isa = PBXFileReference; lastKnownFileType = sourcecode.swift; path = HomeView.swift; sourceTree = "<group>"; };
		C6587D0AC86F3C4B59A180BD /* LaunchScreen.storyboard */ = {isa = PBXFileReference; lastKnownFileType = file.storyboard; path = LaunchScreen.storyboard; sourceTree = "<group>"; };
		C8200E0E97463A1311A487D7 /* TestSupport.swift */ = {isa = PBXFileReference; lastKnownFileType = sourcecode.swift; path = TestSupport.swift; sourceTree = "<group>"; };
		D8725622F35704CE27F1EADD /* SetupViewModel.swift */ = {isa = PBXFileReference; lastKnownFileType = sourcecode.swift; path = SetupViewModel.swift; sourceTree = "<group>"; };
		DA4087B7E02126380BF427E3 /* SetupAndHomeUITests.swift */ = {isa = PBXFileReference; lastKnownFileType = sourcecode.swift; path = SetupAndHomeUITests.swift; sourceTree = "<group>"; };
		DD7C8B32E33C34F2F894C4D5 /* EnergyManagementApp.swift */ = {isa = PBXFileReference; lastKnownFileType = sourcecode.swift; path = EnergyManagementApp.swift; sourceTree = "<group>"; };
		DD973B771C446AA65490C5EF /* ReportsView.swift */ = {isa = PBXFileReference; lastKnownFileType = sourcecode.swift; path = ReportsView.swift; sourceTree = "<group>"; };
		E0528528B38B5209EA5B549D /* HomeViewModel.swift */ = {isa = PBXFileReference; lastKnownFileType = sourcecode.swift; path = HomeViewModel.swift; sourceTree = "<group>"; };
		E30673388C4E7D241E54E821 /* ScheduleSetupView.swift */ = {isa = PBXFileReference; lastKnownFileType = sourcecode.swift; path = ScheduleSetupView.swift; sourceTree = "<group>"; };
		E3FD5FEBA0A563F40AEF2B75 /* WakeViewModelTests.swift */ = {isa = PBXFileReference; lastKnownFileType = sourcecode.swift; path = WakeViewModelTests.swift; sourceTree = "<group>"; };
		F6E34A47F6F7AA51B9892D8D /* RitualFlowUITests.swift */ = {isa = PBXFileReference; lastKnownFileType = sourcecode.swift; path = RitualFlowUITests.swift; sourceTree = "<group>"; };
		F8FF7A36D6E5392B70240F6D /* SpacingTokens.swift */ = {isa = PBXFileReference; lastKnownFileType = sourcecode.swift; path = SpacingTokens.swift; sourceTree = "<group>"; };
		FF8DFF13D9D811ED3588C35C /* HomeViewModelTests.swift */ = {isa = PBXFileReference; lastKnownFileType = sourcecode.swift; path = HomeViewModelTests.swift; sourceTree = "<group>"; };
/* End PBXFileReference section */

/* Begin PBXGroup section */
		08143B5720B8193A577127EB /* Reports */ = {
			isa = PBXGroup;
			children = (
				79A9DB33A369E7D6FFE13889 /* DailyReportCard.swift */,
				04B1A78DC563BAC2677641D6 /* ReportEmptyStateView.swift */,
				DD973B771C446AA65490C5EF /* ReportsView.swift */,
				60FC9E3DE28EA931A38F868A /* SevenDayTrendView.swift */,
			);
			path = Reports;
			sourceTree = "<group>";
		};
		092E4B94628E22FB7AA9FE0B /* Models */ = {
			isa = PBXGroup;
			children = (
				67E4E78162EFD4FA9ECC7FEF /* .gitkeep */,
				492E61E3FC893BFD7C1B7D43 /* AppRoute.swift */,
				312245DDB3BA1DF4B825E4EF /* NotificationStatus.swift */,
				AA812480535EDEF17C3EE8B1 /* ReportSummary.swift */,
				6010A895CF272E60C0DBCD68 /* SleepRecord.swift */,
				6A2695BB6D0172FFDD57F7FF /* SleepSchedule.swift */,
			);
			path = Models;
			sourceTree = "<group>";
		};
		14A204489D88D0A48C628963 /* Resources */ = {
			isa = PBXGroup;
			children = (
				543EEF9D65A7682232F3C37F /* .gitkeep */,
				AEABBC8E829DA0717B4C5635 /* Assets.xcassets */,
				930C06FF456D77828F3252E6 /* Info.plist */,
				C6587D0AC86F3C4B59A180BD /* LaunchScreen.storyboard */,
			);
			path = Resources;
			sourceTree = "<group>";
		};
		17DBDD89BD627CC80BED98EC /* Views */ = {
			isa = PBXGroup;
			children = (
				68D3EE56AE5595E43D12D163 /* .gitkeep */,
				3A0949FD9515C5AAA668DF12 /* Bedtime */,
				D96B16ED3AF5E12671790F3A /* Home */,
				08143B5720B8193A577127EB /* Reports */,
				AC7A44D1D3AFBD154D0A53FA /* Setup */,
				9D65208856C32E6CE3838F50 /* Wake */,
			);
			path = Views;
			sourceTree = "<group>";
		};
		2CFC38CF0F443BD7DC2B2870 /* EnergyManagement */ = {
			isa = PBXGroup;
			children = (
				892A7D2064E0D93E2484D7E1 /* ContentView.swift */,
				DD7C8B32E33C34F2F894C4D5 /* EnergyManagementApp.swift */,
				FA6C32DF344239147475000A /* DesignSystem */,
				092E4B94628E22FB7AA9FE0B /* Models */,
				14A204489D88D0A48C628963 /* Resources */,
				9B73FA1E1B8D60528A10DAEB /* Services */,
				BEE223853B1C0E3EAB152047 /* ViewModels */,
				17DBDD89BD627CC80BED98EC /* Views */,
			);
			path = EnergyManagement;
			sourceTree = "<group>";
		};
		3A0949FD9515C5AAA668DF12 /* Bedtime */ = {
			isa = PBXGroup;
			children = (
				45ADF0247BF2AB3D0964DDAB /* BedtimePreparationView.swift */,
			);
			path = Bedtime;
			sourceTree = "<group>";
		};
		631D0F6D1C4E462AB5EE36F1 /* EnergyManagementUITests */ = {
			isa = PBXGroup;
			children = (
				904D8CE825043E1B73C58CBF /* AccessibilityUITests.swift */,
				5B8E0135799EF461E9451F25 /* AppLaunchVisualSmokeTests.swift */,
				69DF5DB3F87EF6ECDC2E514E /* EnergyManagementUITests.swift */,
				7688A6E815B92975B216DFF5 /* ReportsUITests.swift */,
				F6E34A47F6F7AA51B9892D8D /* RitualFlowUITests.swift */,
				DA4087B7E02126380BF427E3 /* SetupAndHomeUITests.swift */,
				945085D813B834F15ED4AF23 /* VisualStateSmokeTests.swift */,
			);
			path = EnergyManagementUITests;
			sourceTree = "<group>";
		};
		7D24238CCDC57DE214A0B941 = {
			isa = PBXGroup;
			children = (
				2CFC38CF0F443BD7DC2B2870 /* EnergyManagement */,
				D9EB8A1F897C3B5F5A217ED2 /* EnergyManagementTests */,
				631D0F6D1C4E462AB5EE36F1 /* EnergyManagementUITests */,
				AC13F161469977C9B8EA61BA /* Products */,
			);
			sourceTree = "<group>";
		};
		9B73FA1E1B8D60528A10DAEB /* Services */ = {
			isa = PBXGroup;
			children = (
				C52D4993E1A8AFD86F476519 /* .gitkeep */,
				02A1B3C4D5E6F7081920BBBB /* BedtimeWindowPolicy.swift */,
				0D6086B298814033C5B6BA81 /* NotificationPermissionService.swift */,
				449480EA4D1CBECDCF572C90 /* NotificationRouteResolver.swift */,
				3471F6C402FB7B63FD628113 /* SleepDataStore.swift */,
				165403EB9033FD8E9BCC0EDF /* SleepNotificationScheduler.swift */,
				C4E5D652A4B232F4D5FD1B50 /* SleepReportCalculator.swift */,
				4A87880E3EFE94AC1114FB08 /* WakeWindowPolicy.swift */,
			);
			path = Services;
			sourceTree = "<group>";
		};
		9D65208856C32E6CE3838F50 /* Wake */ = {
			isa = PBXGroup;
			children = (
				192C5C8C019DC26C676B65C9 /* WakeConfirmationView.swift */,
				B15558E934B15FF61D3F4AD9 /* WakePromptsView.swift */,
			);
			path = Wake;
			sourceTree = "<group>";
		};
		AC13F161469977C9B8EA61BA /* Products */ = {
			isa = PBXGroup;
			children = (
				549706B04BA9738FE43FED9A /* EnergyManagement.app */,
				AE727EDBB6AEB0614AB7B78E /* EnergyManagementTests.xctest */,
				9EDC6C8EDDC31005CEB407D5 /* EnergyManagementUITests.xctest */,
			);
			name = Products;
			sourceTree = "<group>";
		};
		AC7A44D1D3AFBD154D0A53FA /* Setup */ = {
			isa = PBXGroup;
			children = (
				0F9A9637D05C2FA7E7D46585 /* OnboardingView.swift */,
				E30673388C4E7D241E54E821 /* ScheduleSetupView.swift */,
			);
			path = Setup;
			sourceTree = "<group>";
		};
		BEE223853B1C0E3EAB152047 /* ViewModels */ = {
			isa = PBXGroup;
			children = (
				9D290440FA9F6B188E2DB9D2 /* BedtimeViewModel.swift */,
				E0528528B38B5209EA5B549D /* HomeViewModel.swift */,
				566F1C3FCF8EC3EA3FF2C925 /* ReportsViewModel.swift */,
				D8725622F35704CE27F1EADD /* SetupViewModel.swift */,
				5B9764A14AFED76BCEF577E7 /* WakeViewModel.swift */,
			);
			path = ViewModels;
			sourceTree = "<group>";
		};
		D96B16ED3AF5E12671790F3A /* Home */ = {
			isa = PBXGroup;
			children = (
				C568498AAD7124330F1A555D /* HomeView.swift */,
			);
			path = Home;
			sourceTree = "<group>";
		};
		D9EB8A1F897C3B5F5A217ED2 /* EnergyManagementTests */ = {
			isa = PBXGroup;
			children = (
				6F7B1811BC28DF3A34C38B15 /* BedtimeViewModelTests.swift */,
				02A1B3C4D5E6F7081920DDDD /* BedtimeWindowPolicyTests.swift */,
				7A3B5E91C0D847F2A6E8D104 /* CrossMidnightAndTimezoneTests.swift */,
				18BB6F44B2C2CFEE4DF32041 /* EnergyManagementTests.swift */,
				3A1F7E82C9D04B1A5E6F8D02 /* HappyPathIntegrationTests.swift */,
				FF8DFF13D9D811ED3588C35C /* HomeViewModelTests.swift */,
				7856CF22E4AB640266A535CD /* NotificationPermissionServiceTests.swift */,
				3805054A5B007922DFFCCF85 /* NotificationRouteResolverTests.swift */,
				54F5EE14D653BECDEF17E185 /* ReportsViewModelTests.swift */,
				0D5DBE304B2B359A6D514DB7 /* SetupViewModelTests.swift */,
				12B4D43CC0B6BF593854BA85 /* SleepDataStoreTests.swift */,
				1E5364FF92CF49173C2FEFCB /* SleepNotificationSchedulerTests.swift */,
				BD3030B86FA9A27465B338C3 /* SleepReportCalculatorTests.swift */,
				C8200E0E97463A1311A487D7 /* TestSupport.swift */,
				E3FD5FEBA0A563F40AEF2B75 /* WakeViewModelTests.swift */,
				62E8B5D048385ADC8867A21F /* WakeWindowPolicyTests.swift */,
			);
			path = EnergyManagementTests;
			sourceTree = "<group>";
		};
		FA6C32DF344239147475000A /* DesignSystem */ = {
			isa = PBXGroup;
			children = (
				BA3569028E673ED7D93103D3 /* AppSurface.swift */,
				3DC4B1C3EAB5AE9DF779F222 /* ColorTokens.swift */,
				A8660C1378564F107874EC7A /* PrimaryActionButton.swift */,
				F8FF7A36D6E5392B70240F6D /* SpacingTokens.swift */,
				0B7937452F41CA938B5FD6ED /* StatusBanner.swift */,
				BBF038605A183597D0532ED9 /* TypographyTokens.swift */,
			);
			path = DesignSystem;
			sourceTree = "<group>";
		};
/* End PBXGroup section */

/* Begin PBXNativeTarget section */
		A6EAA90251DA4B2600F53128 /* EnergyManagementUITests */ = {
			isa = PBXNativeTarget;
			buildConfigurationList = D1A9A3052D5AAA25594B1BA3 /* Build configuration list for PBXNativeTarget "EnergyManagementUITests" */;
			buildPhases = (
				51421BEDB74A3493F55BBF80 /* Sources */,
			);
			buildRules = (
			);
			dependencies = (
				F5A90C8B4E386351AAFD2464 /* PBXTargetDependency */,
			);
			name = EnergyManagementUITests;
			packageProductDependencies = (
			);
			productName = EnergyManagementUITests;
			productReference = 9EDC6C8EDDC31005CEB407D5 /* EnergyManagementUITests.xctest */;
			productType = "com.apple.product-type.bundle.ui-testing";
		};
		E362CE12E5384052D0817516 /* EnergyManagementTests */ = {
			isa = PBXNativeTarget;
			buildConfigurationList = 20A3D46F54391D21EF7097FD /* Build configuration list for PBXNativeTarget "EnergyManagementTests" */;
			buildPhases = (
				1365602716DBC2CF5746EF6E /* Sources */,
			);
			buildRules = (
			);
			dependencies = (
				63A3D68B9CEA6E2AD8329488 /* PBXTargetDependency */,
			);
			name = EnergyManagementTests;
			packageProductDependencies = (
			);
			productName = EnergyManagementTests;
			productReference = AE727EDBB6AEB0614AB7B78E /* EnergyManagementTests.xctest */;
			productType = "com.apple.product-type.bundle.unit-test";
		};
		FE407E4540BAAC26B8F0C550 /* EnergyManagement */ = {
			isa = PBXNativeTarget;
			buildConfigurationList = F48EA9D7E454895B8D9D5188 /* Build configuration list for PBXNativeTarget "EnergyManagement" */;
			buildPhases = (
				31CB91A42523C7C1471D20CD /* Sources */,
				455E7A73E0A0569428BB31D8 /* Resources */,
			);
			buildRules = (
			);
			dependencies = (
			);
			name = EnergyManagement;
			packageProductDependencies = (
			);
			productName = EnergyManagement;
			productReference = 549706B04BA9738FE43FED9A /* EnergyManagement.app */;
			productType = "com.apple.product-type.application";
		};
/* End PBXNativeTarget section */

/* Begin PBXProject section */
		891AE7A9B7A0CC41C70CFF16 /* Project object */ = {
			isa = PBXProject;
			attributes = {
				BuildIndependentTargetsInParallel = YES;
				LastUpgradeCheck = 1430;
				TargetAttributes = {
					A6EAA90251DA4B2600F53128 = {
						DevelopmentTeam = "";
						TestTargetID = FE407E4540BAAC26B8F0C550;
					};
					E362CE12E5384052D0817516 = {
						DevelopmentTeam = "";
					};
				};
			};
			buildConfigurationList = 334E5947BC43339B6EA9BF7F /* Build configuration list for PBXProject "EnergyManagement" */;
			compatibilityVersion = "Xcode 14.0";
			developmentRegion = en;
			hasScannedForEncodings = 0;
			knownRegions = (
				Base,
				en,
			);
			mainGroup = 7D24238CCDC57DE214A0B941;
			minimizedProjectReferenceProxies = 1;
			projectDirPath = "";
			projectRoot = "";
			targets = (
				FE407E4540BAAC26B8F0C550 /* EnergyManagement */,
				E362CE12E5384052D0817516 /* EnergyManagementTests */,
				A6EAA90251DA4B2600F53128 /* EnergyManagementUITests */,
			);
		};
/* End PBXProject section */

/* Begin PBXResourcesBuildPhase section */
		455E7A73E0A0569428BB31D8 /* Resources */ = {
			isa = PBXResourcesBuildPhase;
			buildActionMask = 2147483647;
			files = (
				A5709DB5512D4686BCBCB4CC /* Assets.xcassets in Resources */,
				FA4F8B92AEA8DDC7F11BD612 /* LaunchScreen.storyboard in Resources */,
			);
			runOnlyForDeploymentPostprocessing = 0;
		};
/* End PBXResourcesBuildPhase section */

/* Begin PBXSourcesBuildPhase section */
		1365602716DBC2CF5746EF6E /* Sources */ = {
			isa = PBXSourcesBuildPhase;
			buildActionMask = 2147483647;
			files = (
				C73ECEA96141EC5E8ADE06BA /* BedtimeViewModelTests.swift in Sources */,
				02A1B3C4D5E6F7081920CCCC /* BedtimeWindowPolicyTests.swift in Sources */,
				03CF8A1B2D4E9F7A81B63C50 /* CrossMidnightAndTimezoneTests.swift in Sources */,
				91653208E191813572BE5A31 /* EnergyManagementTests.swift in Sources */,
				3A1F7E82C9D04B1A5E6F8D01 /* HappyPathIntegrationTests.swift in Sources */,
				7F934DCAFCDEE8909AF143AB /* HomeViewModelTests.swift in Sources */,
				11B30EB070428FD76906B6F0 /* NotificationPermissionServiceTests.swift in Sources */,
				FE072B34492F85344DAC28B7 /* NotificationRouteResolverTests.swift in Sources */,
				DCECAB1775FEC1A640F66A90 /* ReportsViewModelTests.swift in Sources */,
				3BAE626BDE30757613F85A34 /* SetupViewModelTests.swift in Sources */,
				A1D55A2071699D5232E24B88 /* SleepDataStoreTests.swift in Sources */,
				94EAD181DD595A2A7357CA96 /* SleepNotificationSchedulerTests.swift in Sources */,
				688C817F088974EDBE9AD587 /* SleepReportCalculatorTests.swift in Sources */,
				05A3582CF138DBB34362A1E5 /* TestSupport.swift in Sources */,
				7D15D7E254B974F66AC8C96A /* WakeViewModelTests.swift in Sources */,
				84AA7CC4879E5EF0052F3967 /* WakeWindowPolicyTests.swift in Sources */,
			);
			runOnlyForDeploymentPostprocessing = 0;
		};
		31CB91A42523C7C1471D20CD /* Sources */ = {
			isa = PBXSourcesBuildPhase;
			buildActionMask = 2147483647;
			files = (
				61AA9E8D4C29C77EE1B4D383 /* AppRoute.swift in Sources */,
				77CEF78AD731B98D84CD7B9E /* AppSurface.swift in Sources */,
				7C93DB44A5F5ED41B0E2EB7E /* BedtimePreparationView.swift in Sources */,
				26AA04C4DA86283935C47673 /* BedtimeViewModel.swift in Sources */,
				02A1B3C4D5E6F7081920AAAA /* BedtimeWindowPolicy.swift in Sources */,
				B86FEDC37B3789F09F08803F /* ColorTokens.swift in Sources */,
				8E74CF891D2AA001B136F6C2 /* ContentView.swift in Sources */,
				48D56FF58281328D475C6E81 /* DailyReportCard.swift in Sources */,
				955E93E955113691294C12C0 /* EnergyManagementApp.swift in Sources */,
				A790C3015C9AF8C0A5D2289A /* HomeView.swift in Sources */,
				DA073697D4EEEC0CECC0CC0B /* HomeViewModel.swift in Sources */,
				1BEC72E0172B2C73397029B9 /* NotificationPermissionService.swift in Sources */,
				4B670CF811188CA3489D4CE5 /* NotificationRouteResolver.swift in Sources */,
				0D4E713E726732D983723168 /* NotificationStatus.swift in Sources */,
				447A001509DEEB782153ACA5 /* OnboardingView.swift in Sources */,
				0BDEDD6BADAECF69FF82B1D1 /* PrimaryActionButton.swift in Sources */,
				FE3DB59847A931EE1AD4F771 /* ReportEmptyStateView.swift in Sources */,
				6448BBA4F9FA940CB2516EC6 /* ReportSummary.swift in Sources */,
				D0E0D3198FE4C5D8B64BEDFB /* ReportsView.swift in Sources */,
				D0A5BF1252C65FE51800DFFC /* ReportsViewModel.swift in Sources */,
				4EAD85A074FDEF98FD217EF6 /* ScheduleSetupView.swift in Sources */,
				75DAFFFE24308E1B6413D239 /* SetupViewModel.swift in Sources */,
				67846BC27497B2CEFD645D85 /* SevenDayTrendView.swift in Sources */,
				B73A51A50300661E8D0B404C /* SleepDataStore.swift in Sources */,
				D0854E04965FE496883CD4B9 /* SleepNotificationScheduler.swift in Sources */,
				D71A6A068ED447921F0A4C37 /* SleepRecord.swift in Sources */,
				5D3C979861F939037B87A907 /* SleepReportCalculator.swift in Sources */,
				B1E5C2A03791CD6B86A37F6D /* SleepSchedule.swift in Sources */,
				71643700B8711F3519539FD2 /* SpacingTokens.swift in Sources */,
				64DD44961E0117271CABF3A3 /* StatusBanner.swift in Sources */,
				36B7FDB1DACFA0B7DD8AD3A3 /* TypographyTokens.swift in Sources */,
				8B6CD52B840BF8D09B5859C8 /* WakeConfirmationView.swift in Sources */,
				9F6C0D851E25997F49A4E98D /* WakePromptsView.swift in Sources */,
				B277587188394BB5D03F22A7 /* WakeViewModel.swift in Sources */,
				4E6F5AF39604DC8A6B2BE51B /* WakeWindowPolicy.swift in Sources */,
			);
			runOnlyForDeploymentPostprocessing = 0;
		};
		51421BEDB74A3493F55BBF80 /* Sources */ = {
			isa = PBXSourcesBuildPhase;
			buildActionMask = 2147483647;
			files = (
				6EB4E102DA907E43EEBC5637 /* AccessibilityUITests.swift in Sources */,
				AD912B969F2501AFEAC5EECC /* AppLaunchVisualSmokeTests.swift in Sources */,
				F427436458A2864FE158DE83 /* EnergyManagementUITests.swift in Sources */,
				E1DECE93FD65A8C21E2CFF3D /* ReportsUITests.swift in Sources */,
				FE68F4A9B3F5D74EBB5D89B8 /* RitualFlowUITests.swift in Sources */,
				5C930A6FB36BE813FB139243 /* SetupAndHomeUITests.swift in Sources */,
				F0488E1EA5556502B6F38741 /* VisualStateSmokeTests.swift in Sources */,
			);
			runOnlyForDeploymentPostprocessing = 0;
		};
/* End PBXSourcesBuildPhase section */

/* Begin PBXTargetDependency section */
		63A3D68B9CEA6E2AD8329488 /* PBXTargetDependency */ = {
			isa = PBXTargetDependency;
			target = FE407E4540BAAC26B8F0C550 /* EnergyManagement */;
			targetProxy = 47554A4404CE13F52D11FE06 /* PBXContainerItemProxy */;
		};
		F5A90C8B4E386351AAFD2464 /* PBXTargetDependency */ = {
			isa = PBXTargetDependency;
			target = FE407E4540BAAC26B8F0C550 /* EnergyManagement */;
			targetProxy = 2E771CDCCB831922028EA963 /* PBXContainerItemProxy */;
		};
/* End PBXTargetDependency section */

/* Begin XCBuildConfiguration section */
		0A5D90D404CA8F483926B830 /* Release */ = {
			isa = XCBuildConfiguration;
			buildSettings = {
				ASSETCATALOG_COMPILER_APPICON_NAME = AppIcon;
				ASSETCATALOG_COMPILER_GLOBAL_ACCENT_COLOR_NAME = AccentColor;
				CODE_SIGN_IDENTITY = "iPhone Developer";
				DEVELOPMENT_TEAM = D8K2BG3SC8;
				INFOPLIST_FILE = EnergyManagement/Resources/Info.plist;
				INFOPLIST_KEY_CFBundleDisplayName = "睡眠能量";
				INFOPLIST_KEY_UIApplicationSceneManifest_Generation = YES;
				INFOPLIST_KEY_UIApplicationSupportsIndirectInputEvents = YES;
				INFOPLIST_KEY_UILaunchStoryboardName = LaunchScreen;
				LD_RUNPATH_SEARCH_PATHS = (
					"$(inherited)",
					"@executable_path/Frameworks",
				);
				PRODUCT_BUNDLE_IDENTIFIER = com.wenfenggao.EnergyManagement;
				SDKROOT = iphoneos;
				TARGETED_DEVICE_FAMILY = "1,2";
			};
			name = Release;
		};
		2512CC0B90F460ECE5893F05 /* Debug */ = {
			isa = XCBuildConfiguration;
			buildSettings = {
				ALWAYS_SEARCH_USER_PATHS = NO;
				CLANG_ANALYZER_NONNULL = YES;
				CLANG_ANALYZER_NUMBER_OBJECT_CONVERSION = YES_AGGRESSIVE;
				CLANG_CXX_LANGUAGE_STANDARD = "gnu++14";
				CLANG_CXX_LIBRARY = "libc++";
				CLANG_ENABLE_MODULES = YES;
				CLANG_ENABLE_OBJC_ARC = YES;
				CLANG_ENABLE_OBJC_WEAK = YES;
				CLANG_WARN_BLOCK_CAPTURE_AUTORELEASING = YES;
				CLANG_WARN_BOOL_CONVERSION = YES;
				CLANG_WARN_COMMA = YES;
				CLANG_WARN_CONSTANT_CONVERSION = YES;
				CLANG_WARN_DEPRECATED_OBJC_IMPLEMENTATIONS = YES;
				CLANG_WARN_DIRECT_OBJC_ISA_USAGE = YES_ERROR;
				CLANG_WARN_DOCUMENTATION_COMMENTS = YES;
				CLANG_WARN_EMPTY_BODY = YES;
				CLANG_WARN_ENUM_CONVERSION = YES;
				CLANG_WARN_INFINITE_RECURSION = YES;
				CLANG_WARN_INT_CONVERSION = YES;
				CLANG_WARN_NON_LITERAL_NULL_CONVERSION = YES;
				CLANG_WARN_OBJC_IMPLICIT_RETAIN_SELF = YES;
				CLANG_WARN_OBJC_LITERAL_CONVERSION = YES;
				CLANG_WARN_OBJC_ROOT_CLASS = YES_ERROR;
				CLANG_WARN_QUOTED_INCLUDE_IN_FRAMEWORK_HEADER = YES;
				CLANG_WARN_RANGE_LOOP_ANALYSIS = YES;
				CLANG_WARN_STRICT_PROTOTYPES = YES;
				CLANG_WARN_SUSPICIOUS_MOVE = YES;
				CLANG_WARN_UNGUARDED_AVAILABILITY = YES_AGGRESSIVE;
				CLANG_WARN_UNREACHABLE_CODE = YES;
				CLANG_WARN__DUPLICATE_METHOD_MATCH = YES;
				COPY_PHASE_STRIP = NO;
				CURRENT_PROJECT_VERSION = 1;
				DEBUG_INFORMATION_FORMAT = dwarf;
				DEVELOPMENT_TEAM = "";
				ENABLE_STRICT_OBJC_MSGSEND = YES;
				ENABLE_TESTABILITY = YES;
				GCC_C_LANGUAGE_STANDARD = gnu11;
				GCC_DYNAMIC_NO_PIC = NO;
				GCC_NO_COMMON_BLOCKS = YES;
				GCC_OPTIMIZATION_LEVEL = 0;
				GCC_PREPROCESSOR_DEFINITIONS = (
					"$(inherited)",
					"DEBUG=1",
				);
				GCC_WARN_64_TO_32_BIT_CONVERSION = YES;
				GCC_WARN_ABOUT_RETURN_TYPE = YES_ERROR;
				GCC_WARN_UNDECLARED_SELECTOR = YES;
				GCC_WARN_UNINITIALIZED_AUTOS = YES_AGGRESSIVE;
				GCC_WARN_UNUSED_FUNCTION = YES;
				GCC_WARN_UNUSED_VARIABLE = YES;
				IPHONEOS_DEPLOYMENT_TARGET = 17.0;
				MARKETING_VERSION = 0.1.0;
				MTL_ENABLE_DEBUG_INFO = INCLUDE_SOURCE;
				MTL_FAST_MATH = YES;
				ONLY_ACTIVE_ARCH = YES;
				PRODUCT_NAME = "$(TARGET_NAME)";
				SDKROOT = iphoneos;
				SWIFT_ACTIVE_COMPILATION_CONDITIONS = DEBUG;
				SWIFT_OPTIMIZATION_LEVEL = "-Onone";
				SWIFT_VERSION = 5.0;
			};
			name = Debug;
		};
		2523DADBB13887626A9D9493 /* Release */ = {
			isa = XCBuildConfiguration;
			buildSettings = {
				BUNDLE_LOADER = "$(TEST_HOST)";
				GENERATE_INFOPLIST_FILE = YES;
				LD_RUNPATH_SEARCH_PATHS = (
					"$(inherited)",
					"@executable_path/Frameworks",
					"@loader_path/Frameworks",
				);
				PRODUCT_BUNDLE_IDENTIFIER = com.wenfenggao.EnergyManagementTests;
				SDKROOT = iphoneos;
				TARGETED_DEVICE_FAMILY = "1,2";
				TEST_HOST = "$(BUILT_PRODUCTS_DIR)/EnergyManagement.app/EnergyManagement";
			};
			name = Release;
		};
		25FE9B3A1045010BEDBCF250 /* Debug */ = {
			isa = XCBuildConfiguration;
			buildSettings = {
				BUNDLE_LOADER = "$(TEST_HOST)";
				GENERATE_INFOPLIST_FILE = YES;
				LD_RUNPATH_SEARCH_PATHS = (
					"$(inherited)",
					"@executable_path/Frameworks",
					"@loader_path/Frameworks",
				);
				PRODUCT_BUNDLE_IDENTIFIER = com.wenfenggao.EnergyManagementTests;
				SDKROOT = iphoneos;
				TARGETED_DEVICE_FAMILY = "1,2";
				TEST_HOST = "$(BUILT_PRODUCTS_DIR)/EnergyManagement.app/EnergyManagement";
			};
			name = Debug;
		};
		2BE3AAEB516B153DB387A51E /* Debug */ = {
			isa = XCBuildConfiguration;
			buildSettings = {
				ASSETCATALOG_COMPILER_APPICON_NAME = AppIcon;
				ASSETCATALOG_COMPILER_GLOBAL_ACCENT_COLOR_NAME = AccentColor;
				CODE_SIGN_IDENTITY = "iPhone Developer";
				DEVELOPMENT_TEAM = D8K2BG3SC8;
				INFOPLIST_FILE = EnergyManagement/Resources/Info.plist;
				INFOPLIST_KEY_CFBundleDisplayName = "睡眠能量";
				INFOPLIST_KEY_UIApplicationSceneManifest_Generation = YES;
				INFOPLIST_KEY_UIApplicationSupportsIndirectInputEvents = YES;
				INFOPLIST_KEY_UILaunchStoryboardName = LaunchScreen;
				LD_RUNPATH_SEARCH_PATHS = (
					"$(inherited)",
					"@executable_path/Frameworks",
				);
				PRODUCT_BUNDLE_IDENTIFIER = com.wenfenggao.EnergyManagement;
				SDKROOT = iphoneos;
				TARGETED_DEVICE_FAMILY = "1,2";
			};
			name = Debug;
		};
		70B271C0FC0707F5C227EA1D /* Release */ = {
			isa = XCBuildConfiguration;
			buildSettings = {
				ALWAYS_SEARCH_USER_PATHS = NO;
				CLANG_ANALYZER_NONNULL = YES;
				CLANG_ANALYZER_NUMBER_OBJECT_CONVERSION = YES_AGGRESSIVE;
				CLANG_CXX_LANGUAGE_STANDARD = "gnu++14";
				CLANG_CXX_LIBRARY = "libc++";
				CLANG_ENABLE_MODULES = YES;
				CLANG_ENABLE_OBJC_ARC = YES;
				CLANG_ENABLE_OBJC_WEAK = YES;
				CLANG_WARN_BLOCK_CAPTURE_AUTORELEASING = YES;
				CLANG_WARN_BOOL_CONVERSION = YES;
				CLANG_WARN_COMMA = YES;
				CLANG_WARN_CONSTANT_CONVERSION = YES;
				CLANG_WARN_DEPRECATED_OBJC_IMPLEMENTATIONS = YES;
				CLANG_WARN_DIRECT_OBJC_ISA_USAGE = YES_ERROR;
				CLANG_WARN_DOCUMENTATION_COMMENTS = YES;
				CLANG_WARN_EMPTY_BODY = YES;
				CLANG_WARN_ENUM_CONVERSION = YES;
				CLANG_WARN_INFINITE_RECURSION = YES;
				CLANG_WARN_INT_CONVERSION = YES;
				CLANG_WARN_NON_LITERAL_NULL_CONVERSION = YES;
				CLANG_WARN_OBJC_IMPLICIT_RETAIN_SELF = YES;
				CLANG_WARN_OBJC_LITERAL_CONVERSION = YES;
				CLANG_WARN_OBJC_ROOT_CLASS = YES_ERROR;
				CLANG_WARN_QUOTED_INCLUDE_IN_FRAMEWORK_HEADER = YES;
				CLANG_WARN_RANGE_LOOP_ANALYSIS = YES;
				CLANG_WARN_STRICT_PROTOTYPES = YES;
				CLANG_WARN_SUSPICIOUS_MOVE = YES;
				CLANG_WARN_UNGUARDED_AVAILABILITY = YES_AGGRESSIVE;
				CLANG_WARN_UNREACHABLE_CODE = YES;
				CLANG_WARN__DUPLICATE_METHOD_MATCH = YES;
				COPY_PHASE_STRIP = NO;
				CURRENT_PROJECT_VERSION = 1;
				DEBUG_INFORMATION_FORMAT = "dwarf-with-dsym";
				DEVELOPMENT_TEAM = "";
				ENABLE_NS_ASSERTIONS = NO;
				ENABLE_STRICT_OBJC_MSGSEND = YES;
				GCC_C_LANGUAGE_STANDARD = gnu11;
				GCC_NO_COMMON_BLOCKS = YES;
				GCC_WARN_64_TO_32_BIT_CONVERSION = YES;
				GCC_WARN_ABOUT_RETURN_TYPE = YES_ERROR;
				GCC_WARN_UNDECLARED_SELECTOR = YES;
				GCC_WARN_UNINITIALIZED_AUTOS = YES_AGGRESSIVE;
				GCC_WARN_UNUSED_FUNCTION = YES;
				GCC_WARN_UNUSED_VARIABLE = YES;
				IPHONEOS_DEPLOYMENT_TARGET = 17.0;
				MARKETING_VERSION = 0.1.0;
				MTL_ENABLE_DEBUG_INFO = NO;
				MTL_FAST_MATH = YES;
				PRODUCT_NAME = "$(TARGET_NAME)";
				SDKROOT = iphoneos;
				SWIFT_COMPILATION_MODE = wholemodule;
				SWIFT_OPTIMIZATION_LEVEL = "-O";
				SWIFT_VERSION = 5.0;
			};
			name = Release;
		};
		AC3F9D6C2FDAA1452BA62CEC /* Debug */ = {
			isa = XCBuildConfiguration;
			buildSettings = {
				BUNDLE_LOADER = "$(TEST_HOST)";
				GENERATE_INFOPLIST_FILE = YES;
				LD_RUNPATH_SEARCH_PATHS = (
					"$(inherited)",
					"@executable_path/Frameworks",
					"@loader_path/Frameworks",
				);
				PRODUCT_BUNDLE_IDENTIFIER = com.wenfenggao.EnergyManagementUITests;
				SDKROOT = iphoneos;
				TARGETED_DEVICE_FAMILY = "1,2";
				TEST_TARGET_NAME = EnergyManagement;
			};
			name = Debug;
		};
		CA316DC4DDE54C90EAD05CE1 /* Release */ = {
			isa = XCBuildConfiguration;
			buildSettings = {
				BUNDLE_LOADER = "$(TEST_HOST)";
				GENERATE_INFOPLIST_FILE = YES;
				LD_RUNPATH_SEARCH_PATHS = (
					"$(inherited)",
					"@executable_path/Frameworks",
					"@loader_path/Frameworks",
				);
				PRODUCT_BUNDLE_IDENTIFIER = com.wenfenggao.EnergyManagementUITests;
				SDKROOT = iphoneos;
				TARGETED_DEVICE_FAMILY = "1,2";
				TEST_TARGET_NAME = EnergyManagement;
			};
			name = Release;
		};
/* End XCBuildConfiguration section */

/* Begin XCConfigurationList section */
		20A3D46F54391D21EF7097FD /* Build configuration list for PBXNativeTarget "EnergyManagementTests" */ = {
			isa = XCConfigurationList;
			buildConfigurations = (
				25FE9B3A1045010BEDBCF250 /* Debug */,
				2523DADBB13887626A9D9493 /* Release */,
			);
			defaultConfigurationIsVisible = 0;
			defaultConfigurationName = Debug;
		};
		334E5947BC43339B6EA9BF7F /* Build configuration list for PBXProject "EnergyManagement" */ = {
			isa = XCConfigurationList;
			buildConfigurations = (
				2512CC0B90F460ECE5893F05 /* Debug */,
				70B271C0FC0707F5C227EA1D /* Release */,
			);
			defaultConfigurationIsVisible = 0;
			defaultConfigurationName = Debug;
		};
		D1A9A3052D5AAA25594B1BA3 /* Build configuration list for PBXNativeTarget "EnergyManagementUITests" */ = {
			isa = XCConfigurationList;
			buildConfigurations = (
				AC3F9D6C2FDAA1452BA62CEC /* Debug */,
				CA316DC4DDE54C90EAD05CE1 /* Release */,
			);
			defaultConfigurationIsVisible = 0;
			defaultConfigurationName = Debug;
		};
		F48EA9D7E454895B8D9D5188 /* Build configuration list for PBXNativeTarget "EnergyManagement" */ = {
			isa = XCConfigurationList;
			buildConfigurations = (
				2BE3AAEB516B153DB387A51E /* Debug */,
				0A5D90D404CA8F483926B830 /* Release */,
			);
			defaultConfigurationIsVisible = 0;
			defaultConfigurationName = Debug;
		};
/* End XCConfigurationList section */
	};
	rootObject = 891AE7A9B7A0CC41C70CFF16 /* Project object */;
}
